
Microsoft Visual Studio Solution File, Format Version 12.00
# Visual Studio Version 16
VisualStudioVersion = 16.0.30406.217
MinimumVisualStudioVersion = 10.0.40219.1
Project("{FAE04EC0-301F-11D3-BF4B-00C04F79EFBC}") = "TeamApplication", "TeamApplication.csproj", "{2281973B-E4B6-4993-9556-B3A311D8ECF3}"
EndProject
Global
	GlobalSection(SolutionConfigurationPlatforms) = preSolution
		Debug|Any CPU = Debug|Any CPU
		Release|Any CPU = Release|Any CPU
	EndGlobalSection
	GlobalSection(ProjectConfigurationPlatforms) = postSolution
		{2281973B-E4B6-4993-9556-B3A311D8ECF3}.Debug|Any CPU.ActiveCfg = Debug|Any CPU
		{2281973B-E4B6-4993-9556-B3A311D8ECF3}.Debug|Any CPU.Build.0 = Debug|Any CPU
		{2281973B-E4B6-4993-9556-B3A311D8ECF3}.Release|Any CPU.ActiveCfg = Release|Any CPU
		{2281973B-E4B6-4993-9556-B3A311D8ECF3}.Release|Any CPU.Build.0 = Release|Any CPU
	EndGlobalSection
	GlobalSection(SolutionProperties) = preSolution
		HideSolutionNode = FALSE
	EndGlobalSection
	GlobalSection(ExtensibilityGlobals) = postSolution
		SolutionGuid = {7ED1D5BB-18CE-47E7-B926-1F0A08897BBD}
	EndGlobalSection
EndGlobal
